
Microsoft Visual Studio Solution File, Format Version 12.00
# Visual Studio Version 17
VisualStudioVersion = 17.8.34316.72
MinimumVisualStudioVersion = 10.0.40219.1
Project("{2150E333-8FDC-42A3-9474-1A3956D46DE8}") = "Services", "Services", "{97224481-D039-4768-A154-56F22FC7DCDE}"
EndProject
Project("{2150E333-8FDC-42A3-9474-1A3956D46DE8}") = "WebApp", "WebApp", "{8F7F4AD8-213D-4082-9190-DC58EB6F9A6B}"
EndProject
Project("{2150E333-8FDC-42A3-9474-1A3956D46DE8}") = "Cadastro", "Cadastro", "{30B2F38A-5AB6-4656-9A27-8EF9B1076096}"
EndProject
Project("{2150E333-8FDC-42A3-9474-1A3956D46DE8}") = "Catalogo", "Catalogo", "{C50D0040-687A-4226-9E95-8F436562D0E4}"
EndProject
Project("{2150E333-8FDC-42A3-9474-1A3956D46DE8}") = "Core", "Core", "{0EDCA071-F0E8-409C-8994-158FE63BB0E8}"
EndProject
Project("{2150E333-8FDC-42A3-9474-1A3956D46DE8}") = "Fiscal", "Fiscal", "{96366357-4DD5-4969-811A-DAD278DDA0C1}"
EndProject
Project("{2150E333-8FDC-42A3-9474-1A3956D46DE8}") = "Pagamentos", "Pagamentos", "{DA7D2F58-16CC-41D5-9D69-5C4124E25E0E}"
EndProject
Project("{2150E333-8FDC-42A3-9474-1A3956D46DE8}") = "Vendas", "Vendas", "{4367C782-BFFD-4FF3-BD52-2BE680B1263C}"
EndProject
Project("{9A19103F-16F7-4668-BE54-9A1E7A4F7556}") = "Store.Catalogo.Domain", "src\Store.Catalogo.Domain\Store.Catalogo.Domain.csproj", "{0C8BA57F-61C2-4FC1-AB24-D87302602C0B}"
EndProject
Project("{9A19103F-16F7-4668-BE54-9A1E7A4F7556}") = "Store.Core", "Store.Core\Store.Core.csproj", "{91AFD44B-6778-4F7A-8545-31647F3D0281}"
EndProject
Project("{2150E333-8FDC-42A3-9474-1A3956D46DE8}") = "Tests", "Tests", "{34800BBA-2B2E-4517-8BCE-30B489DD2162}"
EndProject
Project("{9A19103F-16F7-4668-BE54-9A1E7A4F7556}") = "Store.Catalogo.Domain.Tests", "tests\Store.Catalogo.Domain.Tests\Store.Catalogo.Domain.Tests.csproj", "{C7B5A3D1-D202-4CEF-A9B4-91F98AD4AA67}"
EndProject
Project("{9A19103F-16F7-4668-BE54-9A1E7A4F7556}") = "Store.Catalogo.Data", "src\Store.Catalogo.Data\Store.Catalogo.Data.csproj", "{0E9FED12-26ED-46DB-A70E-A125BC2688EE}"
EndProject
Project("{9A19103F-16F7-4668-BE54-9A1E7A4F7556}") = "Store.Catalogo.Application", "src\Store.Catalogo.Application\Store.Catalogo.Application.csproj", "{3B11A7DB-646A-4B99-AEA8-FBB2BBA548EB}"
EndProject
Project("{FAE04EC0-301F-11D3-BF4B-00C04F79EFBC}") = "Store.WebApp.MVC", "src\Store.WebApp.MVC\Store.WebApp.MVC.csproj", "{328B2322-4F04-4A90-82D7-EF8F39652ED2}"
EndProject
Global
	GlobalSection(SolutionConfigurationPlatforms) = preSolution
		Debug|Any CPU = Debug|Any CPU
		Release|Any CPU = Release|Any CPU
	EndGlobalSection
	GlobalSection(ProjectConfigurationPlatforms) = postSolution
		{0C8BA57F-61C2-4FC1-AB24-D87302602C0B}.Debug|Any CPU.ActiveCfg = Debug|Any CPU
		{0C8BA57F-61C2-4FC1-AB24-D87302602C0B}.Debug|Any CPU.Build.0 = Debug|Any CPU
		{0C8BA57F-61C2-4FC1-AB24-D87302602C0B}.Release|Any CPU.ActiveCfg = Release|Any CPU
		{0C8BA57F-61C2-4FC1-AB24-D87302602C0B}.Release|Any CPU.Build.0 = Release|Any CPU
		{91AFD44B-6778-4F7A-8545-31647F3D0281}.Debug|Any CPU.ActiveCfg = Debug|Any CPU
		{91AFD44B-6778-4F7A-8545-31647F3D0281}.Debug|Any CPU.Build.0 = Debug|Any CPU
		{91AFD44B-6778-4F7A-8545-31647F3D0281}.Release|Any CPU.ActiveCfg = Release|Any CPU
		{91AFD44B-6778-4F7A-8545-31647F3D0281}.Release|Any CPU.Build.0 = Release|Any CPU
		{C7B5A3D1-D202-4CEF-A9B4-91F98AD4AA67}.Debug|Any CPU.ActiveCfg = Debug|Any CPU
		{C7B5A3D1-D202-4CEF-A9B4-91F98AD4AA67}.Debug|Any CPU.Build.0 = Debug|Any CPU
		{C7B5A3D1-D202-4CEF-A9B4-91F98AD4AA67}.Release|Any CPU.ActiveCfg = Release|Any CPU
		{C7B5A3D1-D202-4CEF-A9B4-91F98AD4AA67}.Release|Any CPU.Build.0 = Release|Any CPU
		{0E9FED12-26ED-46DB-A70E-A125BC2688EE}.Debug|Any CPU.ActiveCfg = Debug|Any CPU
		{0E9FED12-26ED-46DB-A70E-A125BC2688EE}.Debug|Any CPU.Build.0 = Debug|Any CPU
		{0E9FED12-26ED-46DB-A70E-A125BC2688EE}.Release|Any CPU.ActiveCfg = Release|Any CPU
		{0E9FED12-26ED-46DB-A70E-A125BC2688EE}.Release|Any CPU.Build.0 = Release|Any CPU
		{3B11A7DB-646A-4B99-AEA8-FBB2BBA548EB}.Debug|Any CPU.ActiveCfg = Debug|Any CPU
		{3B11A7DB-646A-4B99-AEA8-FBB2BBA548EB}.Debug|Any CPU.Build.0 = Debug|Any CPU
		{3B11A7DB-646A-4B99-AEA8-FBB2BBA548EB}.Release|Any CPU.ActiveCfg = Release|Any CPU
		{3B11A7DB-646A-4B99-AEA8-FBB2BBA548EB}.Release|Any CPU.Build.0 = Release|Any CPU
		{328B2322-4F04-4A90-82D7-EF8F39652ED2}.Debug|Any CPU.ActiveCfg = Debug|Any CPU
		{328B2322-4F04-4A90-82D7-EF8F39652ED2}.Debug|Any CPU.Build.0 = Debug|Any CPU
		{328B2322-4F04-4A90-82D7-EF8F39652ED2}.Release|Any CPU.ActiveCfg = Release|Any CPU
		{328B2322-4F04-4A90-82D7-EF8F39652ED2}.Release|Any CPU.Build.0 = Release|Any CPU
	EndGlobalSection
	GlobalSection(SolutionProperties) = preSolution
		HideSolutionNode = FALSE
	EndGlobalSection
	GlobalSection(NestedProjects) = preSolution
		{30B2F38A-5AB6-4656-9A27-8EF9B1076096} = {97224481-D039-4768-A154-56F22FC7DCDE}
		{C50D0040-687A-4226-9E95-8F436562D0E4} = {97224481-D039-4768-A154-56F22FC7DCDE}
		{0EDCA071-F0E8-409C-8994-158FE63BB0E8} = {97224481-D039-4768-A154-56F22FC7DCDE}
		{96366357-4DD5-4969-811A-DAD278DDA0C1} = {97224481-D039-4768-A154-56F22FC7DCDE}
		{DA7D2F58-16CC-41D5-9D69-5C4124E25E0E} = {97224481-D039-4768-A154-56F22FC7DCDE}
		{4367C782-BFFD-4FF3-BD52-2BE680B1263C} = {97224481-D039-4768-A154-56F22FC7DCDE}
		{0C8BA57F-61C2-4FC1-AB24-D87302602C0B} = {C50D0040-687A-4226-9E95-8F436562D0E4}
		{91AFD44B-6778-4F7A-8545-31647F3D0281} = {0EDCA071-F0E8-409C-8994-158FE63BB0E8}
		{34800BBA-2B2E-4517-8BCE-30B489DD2162} = {C50D0040-687A-4226-9E95-8F436562D0E4}
		{C7B5A3D1-D202-4CEF-A9B4-91F98AD4AA67} = {34800BBA-2B2E-4517-8BCE-30B489DD2162}
		{0E9FED12-26ED-46DB-A70E-A125BC2688EE} = {C50D0040-687A-4226-9E95-8F436562D0E4}
		{3B11A7DB-646A-4B99-AEA8-FBB2BBA548EB} = {C50D0040-687A-4226-9E95-8F436562D0E4}
		{328B2322-4F04-4A90-82D7-EF8F39652ED2} = {8F7F4AD8-213D-4082-9190-DC58EB6F9A6B}
	EndGlobalSection
	GlobalSection(ExtensibilityGlobals) = postSolution
		SolutionGuid = {A0906ABB-D369-42CC-840A-F04A53666A2B}
	EndGlobalSection
EndGlobal
